
Microsoft Visual Studio Solution File, Format Version 12.00
# Visual Studio Version 17
VisualStudioVersion = 17.0.31903.59
MinimumVisualStudioVersion = 10.0.40219.1
Project("{9A19103F-16F7-4668-BE54-9A1E7A4F7556}") = "Wpf", "Wpf\Wpf.csproj", "{EA249A7A-9521-467D-BADF-B2E6E9D0A440}"
EndProject
Project("{9A19103F-16F7-4668-BE54-9A1E7A4F7556}") = "NetMaui", "NetMaui\NetMaui.csproj", "{42FF79A9-EF6F-48E3-BAD9-CF7AE8B748C8}"
EndProject
Project("{9A19103F-16F7-4668-BE54-9A1E7A4F7556}") = "WinUi3", "WinUi3\WinUi3\WinUi3.csproj", "{BB5C9B8D-214C-42E9-B608-AA33E842A765}"
EndProject
Project("{2150E333-8FDC-42A3-9474-1A3956D46DE8}") = "Solution Items", "Solution Items", "{9E98C1F7-C9D1-46DE-B550-9C5EDD71D70D}"
	ProjectSection(SolutionItems) = preProject
		.editorconfig = .editorconfig
	EndProjectSection
EndProject
Global
	GlobalSection(SolutionConfigurationPlatforms) = preSolution
		Debug|Any CPU = Debug|Any CPU
		Debug|ARM = Debug|ARM
		Debug|arm64 = Debug|arm64
		Debug|x64 = Debug|x64
		Debug|x86 = Debug|x86
		Release|Any CPU = Release|Any CPU
		Release|ARM = Release|ARM
		Release|arm64 = Release|arm64
		Release|x64 = Release|x64
		Release|x86 = Release|x86
	EndGlobalSection
	GlobalSection(ProjectConfigurationPlatforms) = postSolution
		{EA249A7A-9521-467D-BADF-B2E6E9D0A440}.Debug|Any CPU.ActiveCfg = Debug|Any CPU
		{EA249A7A-9521-467D-BADF-B2E6E9D0A440}.Debug|Any CPU.Build.0 = Debug|Any CPU
		{EA249A7A-9521-467D-BADF-B2E6E9D0A440}.Debug|ARM.ActiveCfg = Debug|Any CPU
		{EA249A7A-9521-467D-BADF-B2E6E9D0A440}.Debug|ARM.Build.0 = Debug|Any CPU
		{EA249A7A-9521-467D-BADF-B2E6E9D0A440}.Debug|arm64.ActiveCfg = Debug|Any CPU
		{EA249A7A-9521-467D-BADF-B2E6E9D0A440}.Debug|arm64.Build.0 = Debug|Any CPU
		{EA249A7A-9521-467D-BADF-B2E6E9D0A440}.Debug|x64.ActiveCfg = Debug|Any CPU
		{EA249A7A-9521-467D-BADF-B2E6E9D0A440}.Debug|x64.Build.0 = Debug|Any CPU
		{EA249A7A-9521-467D-BADF-B2E6E9D0A440}.Debug|x86.ActiveCfg = Debug|Any CPU
		{EA249A7A-9521-467D-BADF-B2E6E9D0A440}.Debug|x86.Build.0 = Debug|Any CPU
		{EA249A7A-9521-467D-BADF-B2E6E9D0A440}.Release|Any CPU.ActiveCfg = Release|Any CPU
		{EA249A7A-9521-467D-BADF-B2E6E9D0A440}.Release|Any CPU.Build.0 = Release|Any CPU
		{EA249A7A-9521-467D-BADF-B2E6E9D0A440}.Release|ARM.ActiveCfg = Release|Any CPU
		{EA249A7A-9521-467D-BADF-B2E6E9D0A440}.Release|ARM.Build.0 = Release|Any CPU
		{EA249A7A-9521-467D-BADF-B2E6E9D0A440}.Release|arm64.ActiveCfg = Release|Any CPU
		{EA249A7A-9521-467D-BADF-B2E6E9D0A440}.Release|arm64.Build.0 = Release|Any CPU
		{EA249A7A-9521-467D-BADF-B2E6E9D0A440}.Release|x64.ActiveCfg = Release|Any CPU
		{EA249A7A-9521-467D-BADF-B2E6E9D0A440}.Release|x64.Build.0 = Release|Any CPU
		{EA249A7A-9521-467D-BADF-B2E6E9D0A440}.Release|x86.ActiveCfg = Release|Any CPU
		{EA249A7A-9521-467D-BADF-B2E6E9D0A440}.Release|x86.Build.0 = Release|Any CPU
		{42FF79A9-EF6F-48E3-BAD9-CF7AE8B748C8}.Debug|Any CPU.ActiveCfg = Debug|Any CPU
		{42FF79A9-EF6F-48E3-BAD9-CF7AE8B748C8}.Debug|Any CPU.Build.0 = Debug|Any CPU
		{42FF79A9-EF6F-48E3-BAD9-CF7AE8B748C8}.Debug|Any CPU.Deploy.0 = Debug|Any CPU
		{42FF79A9-EF6F-48E3-BAD9-CF7AE8B748C8}.Debug|ARM.ActiveCfg = Debug|Any CPU
		{42FF79A9-EF6F-48E3-BAD9-CF7AE8B748C8}.Debug|ARM.Build.0 = Debug|Any CPU
		{42FF79A9-EF6F-48E3-BAD9-CF7AE8B748C8}.Debug|ARM.Deploy.0 = Debug|Any CPU
		{42FF79A9-EF6F-48E3-BAD9-CF7AE8B748C8}.Debug|arm64.ActiveCfg = Debug|Any CPU
		{42FF79A9-EF6F-48E3-BAD9-CF7AE8B748C8}.Debug|arm64.Build.0 = Debug|Any CPU
		{42FF79A9-EF6F-48E3-BAD9-CF7AE8B748C8}.Debug|arm64.Deploy.0 = Debug|Any CPU
		{42FF79A9-EF6F-48E3-BAD9-CF7AE8B748C8}.Debug|x64.ActiveCfg = Debug|Any CPU
		{42FF79A9-EF6F-48E3-BAD9-CF7AE8B748C8}.Debug|x64.Build.0 = Debug|Any CPU
		{42FF79A9-EF6F-48E3-BAD9-CF7AE8B748C8}.Debug|x64.Deploy.0 = Debug|Any CPU
		{42FF79A9-EF6F-48E3-BAD9-CF7AE8B748C8}.Debug|x86.ActiveCfg = Debug|Any CPU
		{42FF79A9-EF6F-48E3-BAD9-CF7AE8B748C8}.Debug|x86.Build.0 = Debug|Any CPU
		{42FF79A9-EF6F-48E3-BAD9-CF7AE8B748C8}.Debug|x86.Deploy.0 = Debug|Any CPU
		{42FF79A9-EF6F-48E3-BAD9-CF7AE8B748C8}.Release|Any CPU.ActiveCfg = Release|Any CPU
		{42FF79A9-EF6F-48E3-BAD9-CF7AE8B748C8}.Release|Any CPU.Build.0 = Release|Any CPU
		{42FF79A9-EF6F-48E3-BAD9-CF7AE8B748C8}.Release|ARM.ActiveCfg = Release|Any CPU
		{42FF79A9-EF6F-48E3-BAD9-CF7AE8B748C8}.Release|ARM.Build.0 = Release|Any CPU
		{42FF79A9-EF6F-48E3-BAD9-CF7AE8B748C8}.Release|arm64.ActiveCfg = Release|Any CPU
		{42FF79A9-EF6F-48E3-BAD9-CF7AE8B748C8}.Release|arm64.Build.0 = Release|Any CPU
		{42FF79A9-EF6F-48E3-BAD9-CF7AE8B748C8}.Release|x64.ActiveCfg = Release|Any CPU
		{42FF79A9-EF6F-48E3-BAD9-CF7AE8B748C8}.Release|x64.Build.0 = Release|Any CPU
		{42FF79A9-EF6F-48E3-BAD9-CF7AE8B748C8}.Release|x86.ActiveCfg = Release|Any CPU
		{42FF79A9-EF6F-48E3-BAD9-CF7AE8B748C8}.Release|x86.Build.0 = Release|Any CPU
		{BB5C9B8D-214C-42E9-B608-AA33E842A765}.Debug|Any CPU.ActiveCfg = Debug|x64
		{BB5C9B8D-214C-42E9-B608-AA33E842A765}.Debug|Any CPU.Build.0 = Debug|x64
		{BB5C9B8D-214C-42E9-B608-AA33E842A765}.Debug|ARM.ActiveCfg = Debug|x64
		{BB5C9B8D-214C-42E9-B608-AA33E842A765}.Debug|ARM.Build.0 = Debug|x64
		{BB5C9B8D-214C-42E9-B608-AA33E842A765}.Debug|arm64.ActiveCfg = Debug|arm64
		{BB5C9B8D-214C-42E9-B608-AA33E842A765}.Debug|arm64.Build.0 = Debug|arm64
		{BB5C9B8D-214C-42E9-B608-AA33E842A765}.Debug|x64.ActiveCfg = Debug|x64
		{BB5C9B8D-214C-42E9-B608-AA33E842A765}.Debug|x64.Build.0 = Debug|x64
		{BB5C9B8D-214C-42E9-B608-AA33E842A765}.Debug|x64.Deploy.0 = Debug|x64
		{BB5C9B8D-214C-42E9-B608-AA33E842A765}.Debug|x86.ActiveCfg = Debug|x86
		{BB5C9B8D-214C-42E9-B608-AA33E842A765}.Debug|x86.Build.0 = Debug|x86
		{BB5C9B8D-214C-42E9-B608-AA33E842A765}.Debug|x86.Deploy.0 = Debug|x86
		{BB5C9B8D-214C-42E9-B608-AA33E842A765}.Release|Any CPU.ActiveCfg = Release|x64
		{BB5C9B8D-214C-42E9-B608-AA33E842A765}.Release|Any CPU.Build.0 = Release|x64
		{BB5C9B8D-214C-42E9-B608-AA33E842A765}.Release|ARM.ActiveCfg = Release|x64
		{BB5C9B8D-214C-42E9-B608-AA33E842A765}.Release|ARM.Build.0 = Release|x64
		{BB5C9B8D-214C-42E9-B608-AA33E842A765}.Release|arm64.ActiveCfg = Release|arm64
		{BB5C9B8D-214C-42E9-B608-AA33E842A765}.Release|arm64.Build.0 = Release|arm64
		{BB5C9B8D-214C-42E9-B608-AA33E842A765}.Release|x64.ActiveCfg = Release|x64
		{BB5C9B8D-214C-42E9-B608-AA33E842A765}.Release|x64.Build.0 = Release|x64
		{BB5C9B8D-214C-42E9-B608-AA33E842A765}.Release|x64.Deploy.0 = Release|x64
		{BB5C9B8D-214C-42E9-B608-AA33E842A765}.Release|x86.ActiveCfg = Release|x86
		{BB5C9B8D-214C-42E9-B608-AA33E842A765}.Release|x86.Build.0 = Release|x86
		{BB5C9B8D-214C-42E9-B608-AA33E842A765}.Release|x86.Deploy.0 = Release|x86
	EndGlobalSection
	GlobalSection(SolutionProperties) = preSolution
		HideSolutionNode = FALSE
	EndGlobalSection
	GlobalSection(ExtensibilityGlobals) = postSolution
		SolutionGuid = {2BBA71B9-6BB3-4D7E-91E8-EAF28A69E578}
	EndGlobalSection
EndGlobal
